
Microsoft Visual Studio Solution File, Format Version 12.00
# Visual Studio 16
Project("{FAE04EC0-301F-11D3-BF4B-00C04F79EFBC}") = "Assembly-CSharp", "Assembly-CSharp.csproj", "{02C3DE1E-1315-6166-E112-38F398FDAAFC}"
EndProject
Project("{FAE04EC0-301F-11D3-BF4B-00C04F79EFBC}") = "Assembly-CSharp-firstpass", "Assembly-CSharp-firstpass.csproj", "{119083B3-90E5-3BB9-5746-C7FCEAB268F6}"
EndProject
Project("{FAE04EC0-301F-11D3-BF4B-00C04F79EFBC}") = "Assembly-CSharp-Editor-firstpass", "Assembly-CSharp-Editor-firstpass.csproj", "{4E13AAF3-6068-84CC-B718-4EF7FF902189}"
EndProject
Global
	GlobalSection(SolutionConfigurationPlatforms) = preSolution
		Debug|Any CPU = Debug|Any CPU
		Release|Any CPU = Release|Any CPU
	EndGlobalSection
	GlobalSection(ProjectConfigurationPlatforms) = postSolution
		{02C3DE1E-1315-6166-E112-38F398FDAAFC}.Debug|Any CPU.ActiveCfg = Debug|Any CPU
		{02C3DE1E-1315-6166-E112-38F398FDAAFC}.Debug|Any CPU.Build.0 = Debug|Any CPU
		{02C3DE1E-1315-6166-E112-38F398FDAAFC}.Release|Any CPU.ActiveCfg = Release|Any CPU
		{02C3DE1E-1315-6166-E112-38F398FDAAFC}.Release|Any CPU.Build.0 = Release|Any CPU
		{119083B3-90E5-3BB9-5746-C7FCEAB268F6}.Debug|Any CPU.ActiveCfg = Debug|Any CPU
		{119083B3-90E5-3BB9-5746-C7FCEAB268F6}.Debug|Any CPU.Build.0 = Debug|Any CPU
		{119083B3-90E5-3BB9-5746-C7FCEAB268F6}.Release|Any CPU.ActiveCfg = Release|Any CPU
		{119083B3-90E5-3BB9-5746-C7FCEAB268F6}.Release|Any CPU.Build.0 = Release|Any CPU
		{4E13AAF3-6068-84CC-B718-4EF7FF902189}.Debug|Any CPU.ActiveCfg = Debug|Any CPU
		{4E13AAF3-6068-84CC-B718-4EF7FF902189}.Debug|Any CPU.Build.0 = Debug|Any CPU
		{4E13AAF3-6068-84CC-B718-4EF7FF902189}.Release|Any CPU.ActiveCfg = Release|Any CPU
		{4E13AAF3-6068-84CC-B718-4EF7FF902189}.Release|Any CPU.Build.0 = Release|Any CPU
	EndGlobalSection
	GlobalSection(SolutionProperties) = preSolution
		HideSolutionNode = FALSE
	EndGlobalSection
EndGlobal
